
Microsoft Visual Studio Solution File, Format Version 12.00
# Visual Studio Version 17
VisualStudioVersion = 17.7.34221.43
MinimumVisualStudioVersion = 10.0.40219.1
Project("{FAE04EC0-301F-11D3-BF4B-00C04F79EFBC}") = "FinalProjeckt", "FinalProjeckt\FinalProjeckt.csproj", "{752CD46D-8514-4B51-9FFD-0A1D6DA431F2}"
EndProject
Global
	GlobalSection(SolutionConfigurationPlatforms) = preSolution
		Debug|Any CPU = Debug|Any CPU
		Release|Any CPU = Release|Any CPU
	EndGlobalSection
	GlobalSection(ProjectConfigurationPlatforms) = postSolution
		{752CD46D-8514-4B51-9FFD-0A1D6DA431F2}.Debug|Any CPU.ActiveCfg = Debug|Any CPU
		{752CD46D-8514-4B51-9FFD-0A1D6DA431F2}.Debug|Any CPU.Build.0 = Debug|Any CPU
		{752CD46D-8514-4B51-9FFD-0A1D6DA431F2}.Release|Any CPU.ActiveCfg = Release|Any CPU
		{752CD46D-8514-4B51-9FFD-0A1D6DA431F2}.Release|Any CPU.Build.0 = Release|Any CPU
	EndGlobalSection
	GlobalSection(SolutionProperties) = preSolution
		HideSolutionNode = FALSE
	EndGlobalSection
	GlobalSection(ExtensibilityGlobals) = postSolution
		SolutionGuid = {1CE2B3C2-E910-4F26-98F4-55BE7153D57D}
	EndGlobalSection
EndGlobal
